{
  "name": "reversepicks",
  "version": "2.0.0",
  "lockfileVersion": 3,
  "requires": true,
  "packages": {
    "": {
      "name": "reversepicks",
      "version": "2.0.0",
      "dependencies": {
        "@replit/revenuecat-sdk": "^4.2.0"
      }
    },
    "node_modules/@replit/revenuecat-sdk": {
      "version": "4.2.0",
      "resolved": "https://registry.npmjs.org/@replit/revenuecat-sdk/-/revenuecat-sdk-4.2.0.tgz",
      "integrity": "sha512-6y1qm4Wn9vJHKy9h6XAUHj8fPbblN6vu+poHD8fPpoTiSk8fv4RevH/EfXLQLusBmWrRDQ4fkYCUoT5Pfe3Cyg==",
      "peerDependencies": {
        "typescript": "^5"
      }
    },
    "node_modules/typescript": {
      "version": "5.8.3",
      "resolved": "https://registry.npmjs.org/typescript/-/typescript-5.8.3.tgz",
      "integrity": "sha512-p1diW6TqL9L07nNxvRMM7hMMw4c5XOo/1ibL4aAIGmSAt9slTE1Xgw5KWuof2uTOvCg9BY7ZRi+GaF+7sfgPeQ==",
      "license": "Apache-2.0",
      "peer": true,
      "bin": {
        "tsc": "bin/tsc",
        "tsserver": "bin/tsserver"
      },
      "engines": {
        "node": ">=14.17"
      }
    }
  }
}
